
Microsoft Visual Studio Solution File, Format Version 12.00
# Visual Studio Version 17
VisualStudioVersion = 17.11.35312.102
MinimumVisualStudioVersion = 10.0.40219.1
Project("{9A19103F-16F7-4668-BE54-9A1E7A4F7556}") = "ShoppingApp.Data", "ShoppingApp.Data\ShoppingApp.Data.csproj", "{A362D3DA-9305-49AA-AF0B-2CB1CE3788C3}"
EndProject
Project("{9A19103F-16F7-4668-BE54-9A1E7A4F7556}") = "ShoppingApp.Model", "ShoppingApp.Model\ShoppingApp.Model.csproj", "{381C7DBD-93E1-4ABC-8C18-51FEFD55B962}"
EndProject
Project("{9A19103F-16F7-4668-BE54-9A1E7A4F7556}") = "ShoppingApp.Services", "ShoppingApp.Services\ShoppingApp.Services.csproj", "{BF9878F0-8D27-4E5C-95BB-D3D0BD8A35A6}"
EndProject
Project("{9A19103F-16F7-4668-BE54-9A1E7A4F7556}") = "ShoppingApp.Api", "ShoppingApp.Api\ShoppingApp.Api.csproj", "{6CD9F79A-001A-4D8E-A902-1A9A84E56931}"
EndProject
Project("{FAE04EC0-301F-11D3-BF4B-00C04F79EFBC}") = "ShoppingApp.Shared", "ShoppingApp.Shared\ShoppingApp.Shared.csproj", "{B14F9509-F13B-4077-B904-79D717446D4B}"
EndProject
Global
	GlobalSection(SolutionConfigurationPlatforms) = preSolution
		Debug|Any CPU = Debug|Any CPU
		Release|Any CPU = Release|Any CPU
	EndGlobalSection
	GlobalSection(ProjectConfigurationPlatforms) = postSolution
		{A362D3DA-9305-49AA-AF0B-2CB1CE3788C3}.Debug|Any CPU.ActiveCfg = Debug|Any CPU
		{A362D3DA-9305-49AA-AF0B-2CB1CE3788C3}.Debug|Any CPU.Build.0 = Debug|Any CPU
		{A362D3DA-9305-49AA-AF0B-2CB1CE3788C3}.Release|Any CPU.ActiveCfg = Release|Any CPU
		{A362D3DA-9305-49AA-AF0B-2CB1CE3788C3}.Release|Any CPU.Build.0 = Release|Any CPU
		{381C7DBD-93E1-4ABC-8C18-51FEFD55B962}.Debug|Any CPU.ActiveCfg = Debug|Any CPU
		{381C7DBD-93E1-4ABC-8C18-51FEFD55B962}.Debug|Any CPU.Build.0 = Debug|Any CPU
		{381C7DBD-93E1-4ABC-8C18-51FEFD55B962}.Release|Any CPU.ActiveCfg = Release|Any CPU
		{381C7DBD-93E1-4ABC-8C18-51FEFD55B962}.Release|Any CPU.Build.0 = Release|Any CPU
		{BF9878F0-8D27-4E5C-95BB-D3D0BD8A35A6}.Debug|Any CPU.ActiveCfg = Debug|Any CPU
		{BF9878F0-8D27-4E5C-95BB-D3D0BD8A35A6}.Debug|Any CPU.Build.0 = Debug|Any CPU
		{BF9878F0-8D27-4E5C-95BB-D3D0BD8A35A6}.Release|Any CPU.ActiveCfg = Release|Any CPU
		{BF9878F0-8D27-4E5C-95BB-D3D0BD8A35A6}.Release|Any CPU.Build.0 = Release|Any CPU
		{6CD9F79A-001A-4D8E-A902-1A9A84E56931}.Debug|Any CPU.ActiveCfg = Debug|Any CPU
		{6CD9F79A-001A-4D8E-A902-1A9A84E56931}.Debug|Any CPU.Build.0 = Debug|Any CPU
		{6CD9F79A-001A-4D8E-A902-1A9A84E56931}.Release|Any CPU.ActiveCfg = Release|Any CPU
		{6CD9F79A-001A-4D8E-A902-1A9A84E56931}.Release|Any CPU.Build.0 = Release|Any CPU
		{B14F9509-F13B-4077-B904-79D717446D4B}.Debug|Any CPU.ActiveCfg = Debug|Any CPU
		{B14F9509-F13B-4077-B904-79D717446D4B}.Debug|Any CPU.Build.0 = Debug|Any CPU
		{B14F9509-F13B-4077-B904-79D717446D4B}.Release|Any CPU.ActiveCfg = Release|Any CPU
		{B14F9509-F13B-4077-B904-79D717446D4B}.Release|Any CPU.Build.0 = Release|Any CPU
	EndGlobalSection
	GlobalSection(SolutionProperties) = preSolution
		HideSolutionNode = FALSE
	EndGlobalSection
	GlobalSection(ExtensibilityGlobals) = postSolution
		SolutionGuid = {36BB3652-9E22-4427-B977-90D63E7F4359}
	EndGlobalSection
EndGlobal
